// !$*UTF8*$!
{
	archiveVersion = 1;
	classes = {
	};
	objectVersion = 50;
	objects = {

/* Begin PBXBuildFile section */
		57E58975255C9A3900D56FB8 /* ModelImageCollection.swift in Sources */ = {isa = PBXBuildFile; fileRef = 57E58974255C9A3900D56FB8 /* ModelImageCollection.swift */; };
		57E8B0AC255BB57B00D522E4 /* AppDelegate.swift in Sources */ = {isa = PBXBuildFile; fileRef = 57E8B0AB255BB57B00D522E4 /* AppDelegate.swift */; };
		57E8B0AE255BB57B00D522E4 /* SceneDelegate.swift in Sources */ = {isa = PBXBuildFile; fileRef = 57E8B0AD255BB57B00D522E4 /* SceneDelegate.swift */; };
		57E8B0B0255BB57B00D522E4 /* ViewController.swift in Sources */ = {isa = PBXBuildFile; fileRef = 57E8B0AF255BB57B00D522E4 /* ViewController.swift */; };
		57E8B0B3255BB57B00D522E4 /* Main.storyboard in Resources */ = {isa = PBXBuildFile; fileRef = 57E8B0B1255BB57B00D522E4 /* Main.storyboard */; };
		57E8B0B5255BB57D00D522E4 /* Assets.xcassets in Resources */ = {isa = PBXBuildFile; fileRef = 57E8B0B4255BB57D00D522E4 /* Assets.xcassets */; };
		57E8B0B8255BB57D00D522E4 /* LaunchScreen.storyboard in Resources */ = {isa = PBXBuildFile; fileRef = 57E8B0B6255BB57D00D522E4 /* LaunchScreen.storyboard */; };
		57E8B0C2255BBA9200D522E4 /* MyCollectionViewCell.swift in Sources */ = {isa = PBXBuildFile; fileRef = 57E8B0C0255BBA9200D522E4 /* MyCollectionViewCell.swift */; };
		57E8B0C3255BBA9200D522E4 /* MyCollectionViewCell.xib in Resources */ = {isa = PBXBuildFile; fileRef = 57E8B0C1255BBA9200D522E4 /* MyCollectionViewCell.xib */; };
/* End PBXBuildFile section */

/* Begin PBXFileReference section */
		57E58974255C9A3900D56FB8 /* ModelImageCollection.swift */ = {isa = PBXFileReference; lastKnownFileType = sourcecode.swift; path = ModelImageCollection.swift; sourceTree = "<group>"; };
		57E8B0A8255BB57B00D522E4 /* CollectionViewMVCProject.app */ = {isa = PBXFileReference; explicitFileType = wrapper.application; includeInIndex = 0; path = CollectionViewMVCProject.app; sourceTree = BUILT_PRODUCTS_DIR; };
		57E8B0AB255BB57B00D522E4 /* AppDelegate.swift */ = {isa = PBXFileReference; lastKnownFileType = sourcecode.swift; path = AppDelegate.swift; sourceTree = "<group>"; };
		57E8B0AD255BB57B00D522E4 /* SceneDelegate.swift */ = {isa = PBXFileReference; lastKnownFileType = sourcecode.swift; path = SceneDelegate.swift; sourceTree = "<group>"; };
		57E8B0AF255BB57B00D522E4 /* ViewController.swift */ = {isa = PBXFileReference; lastKnownFileType = sourcecode.swift; path = ViewController.swift; sourceTree = "<group>"; };
		57E8B0B2255BB57B00D522E4 /* Base */ = {isa = PBXFileReference; lastKnownFileType = file.storyboard; name = Base; path = Base.lproj/Main.storyboard; sourceTree = "<group>"; };
		57E8B0B4255BB57D00D522E4 /* Assets.xcassets */ = {isa = PBXFileReference; lastKnownFileType = folder.assetcatalog; path = Assets.xcassets; sourceTree = "<group>"; };
		57E8B0B7255BB57D00D522E4 /* Base */ = {isa = PBXFileReference; lastKnownFileType = file.storyboard; name = Base; path = Base.lproj/LaunchScreen.storyboard; sourceTree = "<group>"; };
		57E8B0B9255BB57D00D522E4 /* Info.plist */ = {isa = PBXFileReference; lastKnownFileType = text.plist.xml; path = Info.plist; sourceTree = "<group>"; };
		57E8B0C0255BBA9200D522E4 /* MyCollectionViewCell.swift */ = {isa = PBXFileReference; lastKnownFileType = sourcecode.swift; path = MyCollectionViewCell.swift; sourceTree = "<group>"; };
		57E8B0C1255BBA9200D522E4 /* MyCollectionViewCell.xib */ = {isa = PBXFileReference; lastKnownFileType = file.xib; path = MyCollectionViewCell.xib; sourceTree = "<group>"; };
/* End PBXFileReference section */

/* Begin PBXFrameworksBuildPhase section */
		57E8B0A5255BB57B00D522E4 /* Frameworks */ = {
			isa = PBXFrameworksBuildPhase;
			buildActionMask = 2147483647;
			files = (
			);
			runOnlyForDeploymentPostprocessing = 0;
		};
/* End PBXFrameworksBuildPhase section */

/* Begin PBXGroup section */
		57E58977255CA00000D56FB8 /* view */ = {
			isa = PBXGroup;
			children = (
				57E8B0C0255BBA9200D522E4 /* MyCollectionViewCell.swift */,
				57E8B0C1255BBA9200D522E4 /* MyCollectionViewCell.xib */,
				57E8B0B1255BB57B00D522E4 /* Main.storyboard */,
			);
			path = view;
			sourceTree = "<group>";
		};
		57E58978255CA02600D56FB8 /* ViewController */ = {
			isa = PBXGroup;
			children = (
				57E8B0AF255BB57B00D522E4 /* ViewController.swift */,
			);
			path = ViewController;
			sourceTree = "<group>";
		};
		57E58979255CA04C00D56FB8 /* Modelcollection */ = {
			isa = PBXGroup;
			children = (
				57E58974255C9A3900D56FB8 /* ModelImageCollection.swift */,
			);
			path = Modelcollection;
			sourceTree = "<group>";
		};
		57E8B09F255BB57B00D522E4 = {
			isa = PBXGroup;
			children = (
				57E8B0AA255BB57B00D522E4 /* CollectionViewMVCProject */,
				57E8B0A9255BB57B00D522E4 /* Products */,
			);
			sourceTree = "<group>";
		};
		57E8B0A9255BB57B00D522E4 /* Products */ = {
			isa = PBXGroup;
			children = (
				57E8B0A8255BB57B00D522E4 /* CollectionViewMVCProject.app */,
			);
			name = Products;
			sourceTree = "<group>";
		};
		57E8B0AA255BB57B00D522E4 /* CollectionViewMVCProject */ = {
			isa = PBXGroup;
			children = (
				57E58979255CA04C00D56FB8 /* Modelcollection */,
				57E58977255CA00000D56FB8 /* view */,
				57E58978255CA02600D56FB8 /* ViewController */,
				57E8B0AB255BB57B00D522E4 /* AppDelegate.swift */,
				57E8B0AD255BB57B00D522E4 /* SceneDelegate.swift */,
				57E8B0B4255BB57D00D522E4 /* Assets.xcassets */,
				57E8B0B6255BB57D00D522E4 /* LaunchScreen.storyboard */,
				57E8B0B9255BB57D00D522E4 /* Info.plist */,
			);
			path = CollectionViewMVCProject;
			sourceTree = "<group>";
		};
/* End PBXGroup section */

/* Begin PBXNativeTarget section */
		57E8B0A7255BB57B00D522E4 /* CollectionViewMVCProject */ = {
			isa = PBXNativeTarget;
			buildConfigurationList = 57E8B0BC255BB57D00D522E4 /* Build configuration list for PBXNativeTarget "CollectionViewMVCProject" */;
			buildPhases = (
				57E8B0A4255BB57B00D522E4 /* Sources */,
				57E8B0A5255BB57B00D522E4 /* Frameworks */,
				57E8B0A6255BB57B00D522E4 /* Resources */,
			);
			buildRules = (
			);
			dependencies = (
			);
			name = CollectionViewMVCProject;
			productName = CollectionViewMVCProject;
			productReference = 57E8B0A8255BB57B00D522E4 /* CollectionViewMVCProject.app */;
			productType = "com.apple.product-type.application";
		};
/* End PBXNativeTarget section */

/* Begin PBXProject section */
		57E8B0A0255BB57B00D522E4 /* Project object */ = {
			isa = PBXProject;
			attributes = {
				LastSwiftUpdateCheck = 1200;
				LastUpgradeCheck = 1200;
				TargetAttributes = {
					57E8B0A7255BB57B00D522E4 = {
						CreatedOnToolsVersion = 12.0.1;
					};
				};
			};
			buildConfigurationList = 57E8B0A3255BB57B00D522E4 /* Build configuration list for PBXProject "CollectionViewMVCProject" */;
			compatibilityVersion = "Xcode 9.3";
			developmentRegion = en;
			hasScannedForEncodings = 0;
			knownRegions = (
				en,
				Base,
			);
			mainGroup = 57E8B09F255BB57B00D522E4;
			productRefGroup = 57E8B0A9255BB57B00D522E4 /* Products */;
			projectDirPath = "";
			projectRoot = "";
			targets = (
				57E8B0A7255BB57B00D522E4 /* CollectionViewMVCProject */,
			);
		};
/* End PBXProject section */

/* Begin PBXResourcesBuildPhase section */
		57E8B0A6255BB57B00D522E4 /* Resources */ = {
			isa = PBXResourcesBuildPhase;
			buildActionMask = 2147483647;
			files = (
				57E8B0B8255BB57D00D522E4 /* LaunchScreen.storyboard in Resources */,
				57E8B0B5255BB57D00D522E4 /* Assets.xcassets in Resources */,
				57E8B0C3255BBA9200D522E4 /* MyCollectionViewCell.xib in Resources */,
				57E8B0B3255BB57B00D522E4 /* Main.storyboard in Resources */,
			);
			runOnlyForDeploymentPostprocessing = 0;
		};
/* End PBXResourcesBuildPhase section */

/* Begin PBXSourcesBuildPhase section */
		57E8B0A4255BB57B00D522E4 /* Sources */ = {
			isa = PBXSourcesBuildPhase;
			buildActionMask = 2147483647;
			files = (
				57E58975255C9A3900D56FB8 /* ModelImageCollection.swift in Sources */,
				57E8B0B0255BB57B00D522E4 /* ViewController.swift in Sources */,
				57E8B0AC255BB57B00D522E4 /* AppDelegate.swift in Sources */,
				57E8B0C2255BBA9200D522E4 /* MyCollectionViewCell.swift in Sources */,
				57E8B0AE255BB57B00D522E4 /* SceneDelegate.swift in Sources */,
			);
			runOnlyForDeploymentPostprocessing = 0;
		};
/* End PBXSourcesBuildPhase section */

/* Begin PBXVariantGroup section */
		57E8B0B1255BB57B00D522E4 /* Main.storyboard */ = {
			isa = PBXVariantGroup;
			children = (
				57E8B0B2255BB57B00D522E4 /* Base */,
			);
			name = Main.storyboard;
			sourceTree = "<group>";
		};
		57E8B0B6255BB57D00D522E4 /* LaunchScreen.storyboard */ = {
			isa = PBXVariantGroup;
			children = (
				57E8B0B7255BB57D00D522E4 /* Base */,
			);
			name = LaunchScreen.storyboard;
			sourceTree = "<group>";
		};
/* End PBXVariantGroup section */

/* Begin XCBuildConfiguration section */
		57E8B0BA255BB57D00D522E4 /* Debug */ = {
			isa = XCBuildConfiguration;
			buildSettings = {
				ALWAYS_SEARCH_USER_PATHS = NO;
				CLANG_ANALYZER_NONNULL = YES;
				CLANG_ANALYZER_NUMBER_OBJECT_CONVERSION = YES_AGGRESSIVE;
				CLANG_CXX_LANGUAGE_STANDARD = "gnu++14";
				CLANG_CXX_LIBRARY = "libc++";
				CLANG_ENABLE_MODULES = YES;
				CLANG_ENABLE_OBJC_ARC = YES;
				CLANG_ENABLE_OBJC_WEAK = YES;
				CLANG_WARN_BLOCK_CAPTURE_AUTORELEASING = YES;
				CLANG_WARN_BOOL_CONVERSION = YES;
				CLANG_WARN_COMMA = YES;
				CLANG_WARN_CONSTANT_CONVERSION = YES;
				CLANG_WARN_DEPRECATED_OBJC_IMPLEMENTATIONS = YES;
				CLANG_WARN_DIRECT_OBJC_ISA_USAGE = YES_ERROR;
				CLANG_WARN_DOCUMENTATION_COMMENTS = YES;
				CLANG_WARN_EMPTY_BODY = YES;
				CLANG_WARN_ENUM_CONVERSION = YES;
				CLANG_WARN_INFINITE_RECURSION = YES;
				CLANG_WARN_INT_CONVERSION = YES;
				CLANG_WARN_NON_LITERAL_NULL_CONVERSION = YES;
				CLANG_WARN_OBJC_IMPLICIT_RETAIN_SELF = YES;
				CLANG_WARN_OBJC_LITERAL_CONVERSION = YES;
				CLANG_WARN_OBJC_ROOT_CLASS = YES_ERROR;
				CLANG_WARN_QUOTED_INCLUDE_IN_FRAMEWORK_HEADER = YES;
				CLANG_WARN_RANGE_LOOP_ANALYSIS = YES;
				CLANG_WARN_STRICT_PROTOTYPES = YES;
				CLANG_WARN_SUSPICIOUS_MOVE = YES;
				CLANG_WARN_UNGUARDED_AVAILABILITY = YES_AGGRESSIVE;
				CLANG_WARN_UNREACHABLE_CODE = YES;
				CLANG_WARN__DUPLICATE_METHOD_MATCH = YES;
				COPY_PHASE_STRIP = NO;
				DEBUG_INFORMATION_FORMAT = dwarf;
				ENABLE_STRICT_OBJC_MSGSEND = YES;
				ENABLE_TESTABILITY = YES;
				GCC_C_LANGUAGE_STANDARD = gnu11;
				GCC_DYNAMIC_NO_PIC = NO;
				GCC_NO_COMMON_BLOCKS = YES;
				GCC_OPTIMIZATION_LEVEL = 0;
				GCC_PREPROCESSOR_DEFINITIONS = (
					"DEBUG=1",
					"$(inherited)",
				);
				GCC_WARN_64_TO_32_BIT_CONVERSION = YES;
				GCC_WARN_ABOUT_RETURN_TYPE = YES_ERROR;
				GCC_WARN_UNDECLARED_SELECTOR = YES;
				GCC_WARN_UNINITIALIZED_AUTOS = YES_AGGRESSIVE;
				GCC_WARN_UNUSED_FUNCTION = YES;
				GCC_WARN_UNUSED_VARIABLE = YES;
				IPHONEOS_DEPLOYMENT_TARGET = 14.0;
				MTL_ENABLE_DEBUG_INFO = INCLUDE_SOURCE;
				MTL_FAST_MATH = YES;
				ONLY_ACTIVE_ARCH = YES;
				SDKROOT = iphoneos;
				SWIFT_ACTIVE_COMPILATION_CONDITIONS = DEBUG;
				SWIFT_OPTIMIZATION_LEVEL = "-Onone";
			};
			name = Debug;
		};
		57E8B0BB255BB57D00D522E4 /* Release */ = {
			isa = XCBuildConfiguration;
			buildSettings = {
				ALWAYS_SEARCH_USER_PATHS = NO;
				CLANG_ANALYZER_NONNULL = YES;
				CLANG_ANALYZER_NUMBER_OBJECT_CONVERSION = YES_AGGRESSIVE;
				CLANG_CXX_LANGUAGE_STANDARD = "gnu++14";
				CLANG_CXX_LIBRARY = "libc++";
				CLANG_ENABLE_MODULES = YES;
				CLANG_ENABLE_OBJC_ARC = YES;
				CLANG_ENABLE_OBJC_WEAK = YES;
				CLANG_WARN_BLOCK_CAPTURE_AUTORELEASING = YES;
				CLANG_WARN_BOOL_CONVERSION = YES;
				CLANG_WARN_COMMA = YES;
				CLANG_WARN_CONSTANT_CONVERSION = YES;
				CLANG_WARN_DEPRECATED_OBJC_IMPLEMENTATIONS = YES;
				CLANG_WARN_DIRECT_OBJC_ISA_USAGE = YES_ERROR;
				CLANG_WARN_DOCUMENTATION_COMMENTS = YES;
				CLANG_WARN_EMPTY_BODY = YES;
				CLANG_WARN_ENUM_CONVERSION = YES;
				CLANG_WARN_INFINITE_RECURSION = YES;
				CLANG_WARN_INT_CONVERSION = YES;
				CLANG_WARN_NON_LITERAL_NULL_CONVERSION = YES;
				CLANG_WARN_OBJC_IMPLICIT_RETAIN_SELF = YES;
				CLANG_WARN_OBJC_LITERAL_CONVERSION = YES;
				CLANG_WARN_OBJC_ROOT_CLASS = YES_ERROR;
				CLANG_WARN_QUOTED_INCLUDE_IN_FRAMEWORK_HEADER = YES;
				CLANG_WARN_RANGE_LOOP_ANALYSIS = YES;
				CLANG_WARN_STRICT_PROTOTYPES = YES;
				CLANG_WARN_SUSPICIOUS_MOVE = YES;
				CLANG_WARN_UNGUARDED_AVAILABILITY = YES_AGGRESSIVE;
				CLANG_WARN_UNREACHABLE_CODE = YES;
				CLANG_WARN__DUPLICATE_METHOD_MATCH = YES;
				COPY_PHASE_STRIP = NO;
				DEBUG_INFORMATION_FORMAT = "dwarf-with-dsym";
				ENABLE_NS_ASSERTIONS = NO;
				ENABLE_STRICT_OBJC_MSGSEND = YES;
				GCC_C_LANGUAGE_STANDARD = gnu11;
				GCC_NO_COMMON_BLOCKS = YES;
				GCC_WARN_64_TO_32_BIT_CONVERSION = YES;
				GCC_WARN_ABOUT_RETURN_TYPE = YES_ERROR;
				GCC_WARN_UNDECLARED_SELECTOR = YES;
				GCC_WARN_UNINITIALIZED_AUTOS = YES_AGGRESSIVE;
				GCC_WARN_UNUSED_FUNCTION = YES;
				GCC_WARN_UNUSED_VARIABLE = YES;
				IPHONEOS_DEPLOYMENT_TARGET = 14.0;
				MTL_ENABLE_DEBUG_INFO = NO;
				MTL_FAST_MATH = YES;
				SDKROOT = iphoneos;
				SWIFT_COMPILATION_MODE = wholemodule;
				SWIFT_OPTIMIZATION_LEVEL = "-O";
				VALIDATE_PRODUCT = YES;
			};
			name = Release;
		};
		57E8B0BD255BB57D00D522E4 /* Debug */ = {
			isa = XCBuildConfiguration;
			buildSettings = {
				ASSETCATALOG_COMPILER_APPICON_NAME = AppIcon;
				ASSETCATALOG_COMPILER_GLOBAL_ACCENT_COLOR_NAME = AccentColor;
				CODE_SIGN_STYLE = Automatic;
				INFOPLIST_FILE = CollectionViewMVCProject/Info.plist;
				LD_RUNPATH_SEARCH_PATHS = (
					"$(inherited)",
					"@executable_path/Frameworks",
				);
				PRODUCT_BUNDLE_IDENTIFIER = com.edrees.CollectionViewMVCProject;
				PRODUCT_NAME = "$(TARGET_NAME)";
				SWIFT_VERSION = 5.0;
				TARGETED_DEVICE_FAMILY = "1,2";
			};
			name = Debug;
		};
		57E8B0BE255BB57D00D522E4 /* Release */ = {
			isa = XCBuildConfiguration;
			buildSettings = {
				ASSETCATALOG_COMPILER_APPICON_NAME = AppIcon;
				ASSETCATALOG_COMPILER_GLOBAL_ACCENT_COLOR_NAME = AccentColor;
				CODE_SIGN_STYLE = Automatic;
				INFOPLIST_FILE = CollectionViewMVCProject/Info.plist;
				LD_RUNPATH_SEARCH_PATHS = (
					"$(inherited)",
					"@executable_path/Frameworks",
				);
				PRODUCT_BUNDLE_IDENTIFIER = com.edrees.CollectionViewMVCProject;
				PRODUCT_NAME = "$(TARGET_NAME)";
				SWIFT_VERSION = 5.0;
				TARGETED_DEVICE_FAMILY = "1,2";
			};
			name = Release;
		};
/* End XCBuildConfiguration section */

/* Begin XCConfigurationList section */
		57E8B0A3255BB57B00D522E4 /* Build configuration list for PBXProject "CollectionViewMVCProject" */ = {
			isa = XCConfigurationList;
			buildConfigurations = (
				57E8B0BA255BB57D00D522E4 /* Debug */,
				57E8B0BB255BB57D00D522E4 /* Release */,
			);
			defaultConfigurationIsVisible = 0;
			defaultConfigurationName = Release;
		};
		57E8B0BC255BB57D00D522E4 /* Build configuration list for PBXNativeTarget "CollectionViewMVCProject" */ = {
			isa = XCConfigurationList;
			buildConfigurations = (
				57E8B0BD255BB57D00D522E4 /* Debug */,
				57E8B0BE255BB57D00D522E4 /* Release */,
			);
			defaultConfigurationIsVisible = 0;
			defaultConfigurationName = Release;
		};
/* End XCConfigurationList section */
	};
	rootObject = 57E8B0A0255BB57B00D522E4 /* Project object */;
}
